
Microsoft Visual Studio Solution File, Format Version 12.00
# Visual Studio 15
VisualStudioVersion = 15.0.27004.2008
MinimumVisualStudioVersion = 10.0.40219.1
Project("{2150E333-8FDC-42A3-9474-1A3956D46DE8}") = "src", "src", "{C2AAE0EE-0E34-412C-80F1-D2F3C9CC3548}"
EndProject
Project("{2150E333-8FDC-42A3-9474-1A3956D46DE8}") = "Solution Items", "Solution Items", "{214F8AFD-ECCC-4A82-B22B-FFAAA24A0A6D}"
	ProjectSection(SolutionItems) = preProject
		.travis.yml = .travis.yml
		global.json = global.json
	EndProjectSection
EndProject
Project("{2150E333-8FDC-42A3-9474-1A3956D46DE8}") = "test", "test", "{A084EF9B-AC04-475B-93C6-F731BB644E05}"
EndProject
Project("{FAE04EC0-301F-11D3-BF4B-00C04F79EFBC}") = "FactoryMethod", "src\FactoryMethod\FactoryMethod.csproj", "{99F9EE7A-67D0-486B-B284-EB3E563D6B9C}"
EndProject
Project("{FAE04EC0-301F-11D3-BF4B-00C04F79EFBC}") = "FactoryMethodTest", "tests\FactoryMethodTest\FactoryMethodTest.csproj", "{04E0C58F-0CE0-47CC-8641-7046536D2D66}"
EndProject
Global
	GlobalSection(SolutionConfigurationPlatforms) = preSolution
		Debug|Any CPU = Debug|Any CPU
		Release|Any CPU = Release|Any CPU
	EndGlobalSection
	GlobalSection(ProjectConfigurationPlatforms) = postSolution
		{99F9EE7A-67D0-486B-B284-EB3E563D6B9C}.Debug|Any CPU.ActiveCfg = Debug|Any CPU
		{99F9EE7A-67D0-486B-B284-EB3E563D6B9C}.Debug|Any CPU.Build.0 = Debug|Any CPU
		{99F9EE7A-67D0-486B-B284-EB3E563D6B9C}.Release|Any CPU.ActiveCfg = Release|Any CPU
		{99F9EE7A-67D0-486B-B284-EB3E563D6B9C}.Release|Any CPU.Build.0 = Release|Any CPU
		{04E0C58F-0CE0-47CC-8641-7046536D2D66}.Debug|Any CPU.ActiveCfg = Debug|Any CPU
		{04E0C58F-0CE0-47CC-8641-7046536D2D66}.Debug|Any CPU.Build.0 = Debug|Any CPU
		{04E0C58F-0CE0-47CC-8641-7046536D2D66}.Release|Any CPU.ActiveCfg = Release|Any CPU
		{04E0C58F-0CE0-47CC-8641-7046536D2D66}.Release|Any CPU.Build.0 = Release|Any CPU
	EndGlobalSection
	GlobalSection(SolutionProperties) = preSolution
		HideSolutionNode = FALSE
	EndGlobalSection
	GlobalSection(NestedProjects) = preSolution
		{99F9EE7A-67D0-486B-B284-EB3E563D6B9C} = {C2AAE0EE-0E34-412C-80F1-D2F3C9CC3548}
		{04E0C58F-0CE0-47CC-8641-7046536D2D66} = {A084EF9B-AC04-475B-93C6-F731BB644E05}
	EndGlobalSection
	GlobalSection(ExtensibilityGlobals) = postSolution
		SolutionGuid = {36F8FB92-8291-4ACD-8E18-C71E222E6242}
	EndGlobalSection
EndGlobal
